
Microsoft Visual Studio Solution File, Format Version 12.00
# Visual Studio Version 17
VisualStudioVersion = 17.13.35931.197 d17.13
MinimumVisualStudioVersion = 10.0.40219.1
Project("{FAE04EC0-301F-11D3-BF4B-00C04F79EFBC}") = "WordFinder", "WordFinder\WordFinder.csproj", "{C7E24838-A115-4EC2-8F79-DCDAC6D64F45}"
EndProject
Project("{FAE04EC0-301F-11D3-BF4B-00C04F79EFBC}") = "WordFinderTest", "WordFinderTest\WordFinderTest.csproj", "{8ADF2F5A-0161-4105-BDF0-97EC2B29F44C}"
EndProject
Global
	GlobalSection(SolutionConfigurationPlatforms) = preSolution
		Debug|Any CPU = Debug|Any CPU
		Release|Any CPU = Release|Any CPU
	EndGlobalSection
	GlobalSection(ProjectConfigurationPlatforms) = postSolution
		{C7E24838-A115-4EC2-8F79-DCDAC6D64F45}.Debug|Any CPU.ActiveCfg = Debug|Any CPU
		{C7E24838-A115-4EC2-8F79-DCDAC6D64F45}.Debug|Any CPU.Build.0 = Debug|Any CPU
		{C7E24838-A115-4EC2-8F79-DCDAC6D64F45}.Release|Any CPU.ActiveCfg = Release|Any CPU
		{C7E24838-A115-4EC2-8F79-DCDAC6D64F45}.Release|Any CPU.Build.0 = Release|Any CPU
		{8ADF2F5A-0161-4105-BDF0-97EC2B29F44C}.Debug|Any CPU.ActiveCfg = Debug|Any CPU
		{8ADF2F5A-0161-4105-BDF0-97EC2B29F44C}.Debug|Any CPU.Build.0 = Debug|Any CPU
		{8ADF2F5A-0161-4105-BDF0-97EC2B29F44C}.Release|Any CPU.ActiveCfg = Release|Any CPU
		{8ADF2F5A-0161-4105-BDF0-97EC2B29F44C}.Release|Any CPU.Build.0 = Release|Any CPU
	EndGlobalSection
	GlobalSection(SolutionProperties) = preSolution
		HideSolutionNode = FALSE
	EndGlobalSection
	GlobalSection(ExtensibilityGlobals) = postSolution
		SolutionGuid = {57656469-5AA8-4E62-AC73-33E08B720FD2}
	EndGlobalSection
EndGlobal
